// !$*UTF8*$!
{
	archiveVersion = 1;
	classes = {
	};
	objectVersion = 77;
	objects = {

/* Begin PBXBuildFile section */
		A1B200000000000000000001 /* SnapshotHelper.swift in Sources */ = {isa = PBXBuildFile; fileRef = A1B200000000000000000011 /* SnapshotHelper.swift */; };
		A1B200000000000000000002 /* ScreenshotUITests.swift in Sources */ = {isa = PBXBuildFile; fileRef = A1B200000000000000000012 /* ScreenshotUITests.swift */; };
		A1B200000000000000000003 /* MapInteractionPerformanceUITests.swift in Sources */ = {isa = PBXBuildFile; fileRef = A1B200000000000000000013 /* MapInteractionPerformanceUITests.swift */; };
		14DA0AF43D838C1E01605EAE /* TransportErrorTests.swift in Sources */ = {isa = PBXBuildFile; fileRef = CBC1FC51390C7A591880A694 /* TransportErrorTests.swift */; };
		2212D64ECE55BFD3A40EFB3A /* TransportErrorTests.swift in Sources */ = {isa = PBXBuildFile; fileRef = A0FE26834088E4A721B4F951 /* TransportErrorTests.swift */; };
		2730672A7ACF5C0EA1754D02 /* ConfigTests.swift in Sources */ = {isa = PBXBuildFile; fileRef = 7D7778AD79403ECE20067F38 /* ConfigTests.swift */; };
		2F6C1D4A7B8E9F0011223344 /* ActivationMetricsServiceTests.swift in Sources */ = {isa = PBXBuildFile; fileRef = 2F6C1D4A7B8E9F0011223345 /* ActivationMetricsServiceTests.swift */; };
		4832E1A8D31B41745E5C4D58 /* WeatherServiceTests.swift in Sources */ = {isa = PBXBuildFile; fileRef = 6CF4F276A40A1DFC6EBFC063 /* WeatherServiceTests.swift */; };
		6E27A6CECB9A2FC404338D12 /* Foundation.framework in Frameworks */ = {isa = PBXBuildFile; fileRef = EEE2B55D77FDEDBBFAFFB9F0 /* Foundation.framework */; };
		720F1631A753713FE3DCCCF6 /* ServiceContainerTests.swift in Sources */ = {isa = PBXBuildFile; fileRef = 9417CA4A80E9CEAB2DE87D60 /* ServiceContainerTests.swift */; };
		773801C74768494CCB185641 /* ServiceContainerTests.swift in Sources */ = {isa = PBXBuildFile; fileRef = 576EE093FDADFF76C2FFCA51 /* ServiceContainerTests.swift */; };
		852A43A86BAA8F63E8A9A474 /* ThemeTests.swift in Sources */ = {isa = PBXBuildFile; fileRef = BD9E31AE6D7249912A137C5E /* ThemeTests.swift */; };
		8B41F6852DEDD25C001A66F9 /* TripKit in Frameworks */ = {isa = PBXBuildFile; productRef = 8B41F6842DEDD25C001A66F9 /* TripKit */; };
		8E13C156FF23F5628ADA0A8B /* Foundation.framework in Frameworks */ = {isa = PBXBuildFile; fileRef = EEE2B55D77FDEDBBFAFFB9F0 /* Foundation.framework */; };
		92301B7FD12954661243D56C /* WeatherServiceTests.swift in Sources */ = {isa = PBXBuildFile; fileRef = CAC9253024FB9504BBC11323 /* WeatherServiceTests.swift */; };
		C4DBEDE269B9E9A8F5CA269A /* ThemeTests.swift in Sources */ = {isa = PBXBuildFile; fileRef = B6B7D741FA9A7257A7F4230A /* ThemeTests.swift */; };
		C5D6C34BEF236E7ED60F4ECB /* PredictiveLoaderTests.swift in Sources */ = {isa = PBXBuildFile; fileRef = 946402C6B8924A87D17F257B /* PredictiveLoaderTests.swift */; };
		F5DCC86239DD831595DE6734 /* ConfigTests.swift in Sources */ = {isa = PBXBuildFile; fileRef = 3075E41C04F8DCF7EECB037D /* ConfigTests.swift */; };
		F5F5F1D0E352A8898ABA4A9C /* PredictiveLoaderTests.swift in Sources */ = {isa = PBXBuildFile; fileRef = D465407D8B3F7FB2439B44AE /* PredictiveLoaderTests.swift */; };
/* End PBXBuildFile section */

/* Begin PBXContainerItemProxy section */
		179F412413E29E06F2503F75 /* PBXContainerItemProxy */ = {
			isa = PBXContainerItemProxy;
			containerPortal = 8B41F63D2DEDD0D5001A66F9 /* Project object */;
			proxyType = 1;
			remoteGlobalIDString = 8B41F6442DEDD0D5001A66F9;
			remoteInfo = BerlinTransportMap;
		};
		A1B200000000000000000010 /* PBXContainerItemProxy */ = {
			isa = PBXContainerItemProxy;
			containerPortal = 8B41F63D2DEDD0D5001A66F9 /* Project object */;
			proxyType = 1;
			remoteGlobalIDString = 8B41F6442DEDD0D5001A66F9;
			remoteInfo = BerlinTransportMap;
		};
		FEB97CDC19FDDA91149C0098 /* PBXContainerItemProxy */ = {
			isa = PBXContainerItemProxy;
			containerPortal = 8B41F63D2DEDD0D5001A66F9 /* Project object */;
			proxyType = 1;
			remoteGlobalIDString = 8B41F6442DEDD0D5001A66F9;
			remoteInfo = BerlinTransportMap;
		};
/* End PBXContainerItemProxy section */

/* Begin PBXFileReference section */
		A1B200000000000000000011 /* SnapshotHelper.swift */ = {isa = PBXFileReference; includeInIndex = 1; lastKnownFileType = sourcecode.swift; path = SnapshotHelper.swift; sourceTree = "<group>"; };
		A1B200000000000000000012 /* ScreenshotUITests.swift */ = {isa = PBXFileReference; includeInIndex = 1; lastKnownFileType = sourcecode.swift; path = ScreenshotUITests.swift; sourceTree = "<group>"; };
		A1B200000000000000000013 /* MapInteractionPerformanceUITests.swift */ = {isa = PBXFileReference; includeInIndex = 1; lastKnownFileType = sourcecode.swift; path = MapInteractionPerformanceUITests.swift; sourceTree = "<group>"; };
		A1B200000000000000000014 /* BerlinTransportMapUITests.xctest */ = {isa = PBXFileReference; explicitFileType = wrapper.cfbundle; includeInIndex = 0; path = BerlinTransportMapUITests.xctest; sourceTree = BUILT_PRODUCTS_DIR; };
		2F6C1D4A7B8E9F0011223345 /* ActivationMetricsServiceTests.swift */ = {isa = PBXFileReference; includeInIndex = 1; lastKnownFileType = sourcecode.swift; path = Tests/ActivationMetricsServiceTests.swift; sourceTree = SOURCE_ROOT; };
		3075E41C04F8DCF7EECB037D /* ConfigTests.swift */ = {isa = PBXFileReference; includeInIndex = 1; lastKnownFileType = sourcecode.swift; path = Tests/ConfigTests.swift; sourceTree = SOURCE_ROOT; };
		576EE093FDADFF76C2FFCA51 /* ServiceContainerTests.swift */ = {isa = PBXFileReference; includeInIndex = 1; lastKnownFileType = sourcecode.swift; path = Tests/ServiceContainerTests.swift; sourceTree = SOURCE_ROOT; };
		6CF4F276A40A1DFC6EBFC063 /* WeatherServiceTests.swift */ = {isa = PBXFileReference; includeInIndex = 1; lastKnownFileType = sourcecode.swift; path = Tests/WeatherServiceTests.swift; sourceTree = SOURCE_ROOT; };
		6ECEDC7EE9C39E3BFCF25BB6 /* BerlinTransportMapTests.xctest */ = {isa = PBXFileReference; explicitFileType = wrapper.cfbundle; includeInIndex = 0; path = BerlinTransportMapTests.xctest; sourceTree = BUILT_PRODUCTS_DIR; };
		7D7778AD79403ECE20067F38 /* ConfigTests.swift */ = {isa = PBXFileReference; includeInIndex = 1; lastKnownFileType = sourcecode.swift; path = Tests/ConfigTests.swift; sourceTree = SOURCE_ROOT; };
		8B41F6452DEDD0D5001A66F9 /* BerlinTransportMap.app */ = {isa = PBXFileReference; explicitFileType = wrapper.application; includeInIndex = 0; path = BerlinTransportMap.app; sourceTree = BUILT_PRODUCTS_DIR; };
		9417CA4A80E9CEAB2DE87D60 /* ServiceContainerTests.swift */ = {isa = PBXFileReference; includeInIndex = 1; lastKnownFileType = sourcecode.swift; path = Tests/ServiceContainerTests.swift; sourceTree = SOURCE_ROOT; };
		946402C6B8924A87D17F257B /* PredictiveLoaderTests.swift */ = {isa = PBXFileReference; includeInIndex = 1; lastKnownFileType = sourcecode.swift; path = Tests/PredictiveLoaderTests.swift; sourceTree = SOURCE_ROOT; };
		A0FE26834088E4A721B4F951 /* TransportErrorTests.swift */ = {isa = PBXFileReference; includeInIndex = 1; lastKnownFileType = sourcecode.swift; path = Tests/TransportErrorTests.swift; sourceTree = SOURCE_ROOT; };
		B6B7D741FA9A7257A7F4230A /* ThemeTests.swift */ = {isa = PBXFileReference; includeInIndex = 1; lastKnownFileType = sourcecode.swift; path = Tests/ThemeTests.swift; sourceTree = SOURCE_ROOT; };
		BD9E31AE6D7249912A137C5E /* ThemeTests.swift */ = {isa = PBXFileReference; includeInIndex = 1; lastKnownFileType = sourcecode.swift; path = Tests/ThemeTests.swift; sourceTree = SOURCE_ROOT; };
		CAC9253024FB9504BBC11323 /* WeatherServiceTests.swift */ = {isa = PBXFileReference; includeInIndex = 1; lastKnownFileType = sourcecode.swift; path = Tests/WeatherServiceTests.swift; sourceTree = SOURCE_ROOT; };
		CBC1FC51390C7A591880A694 /* TransportErrorTests.swift */ = {isa = PBXFileReference; includeInIndex = 1; lastKnownFileType = sourcecode.swift; path = Tests/TransportErrorTests.swift; sourceTree = SOURCE_ROOT; };
		D465407D8B3F7FB2439B44AE /* PredictiveLoaderTests.swift */ = {isa = PBXFileReference; includeInIndex = 1; lastKnownFileType = sourcecode.swift; path = Tests/PredictiveLoaderTests.swift; sourceTree = SOURCE_ROOT; };
		E5F7B9C2F1EA953C1F2769C7 /* BerlinTransportMapTests.xctest */ = {isa = PBXFileReference; explicitFileType = wrapper.cfbundle; includeInIndex = 0; path = BerlinTransportMapTests.xctest; sourceTree = BUILT_PRODUCTS_DIR; };
		EEE2B55D77FDEDBBFAFFB9F0 /* Foundation.framework */ = {isa = PBXFileReference; lastKnownFileType = wrapper.framework; name = Foundation.framework; path = Platforms/iPhoneOS.platform/Developer/SDKs/iPhoneOS18.0.sdk/System/Library/Frameworks/Foundation.framework; sourceTree = DEVELOPER_DIR; };
/* End PBXFileReference section */

/* Begin PBXFileSystemSynchronizedRootGroup section */
		8B41F6472DEDD0D5001A66F9 /* BerlinTransportMap */ = {
			isa = PBXFileSystemSynchronizedRootGroup;
			exceptions = (
			);
			path = BerlinTransportMap;
			sourceTree = "<group>";
		};
/* End PBXFileSystemSynchronizedRootGroup section */

/* Begin PBXFrameworksBuildPhase section */
		A1B200000000000000000015 /* Frameworks */ = {
			isa = PBXFrameworksBuildPhase;
			buildActionMask = 2147483647;
			files = (
			);
			runOnlyForDeploymentPostprocessing = 0;
		};
		82CAA2B102F0E8C7400CA54D /* Frameworks */ = {
			isa = PBXFrameworksBuildPhase;
			buildActionMask = 2147483647;
			files = (
				6E27A6CECB9A2FC404338D12 /* Foundation.framework in Frameworks */,
			);
			runOnlyForDeploymentPostprocessing = 0;
		};
		8B41F6422DEDD0D5001A66F9 /* Frameworks */ = {
			isa = PBXFrameworksBuildPhase;
			buildActionMask = 2147483647;
			files = (
				8B41F6852DEDD25C001A66F9 /* TripKit in Frameworks */,
			);
			runOnlyForDeploymentPostprocessing = 0;
		};
/* End PBXFrameworksBuildPhase section */

/* Begin PBXGroup section */
		0358A27CF83A96BEF6073B8E /* Tests */ = {
			isa = PBXGroup;
			children = (
				2F6C1D4A7B8E9F0011223345 /* ActivationMetricsServiceTests.swift */,
				7D7778AD79403ECE20067F38 /* ConfigTests.swift */,
				D465407D8B3F7FB2439B44AE /* PredictiveLoaderTests.swift */,
				9417CA4A80E9CEAB2DE87D60 /* ServiceContainerTests.swift */,
				BD9E31AE6D7249912A137C5E /* ThemeTests.swift */,
				CBC1FC51390C7A591880A694 /* TransportErrorTests.swift */,
				6CF4F276A40A1DFC6EBFC063 /* WeatherServiceTests.swift */,
				3075E41C04F8DCF7EECB037D /* ConfigTests.swift */,
				946402C6B8924A87D17F257B /* PredictiveLoaderTests.swift */,
				576EE093FDADFF76C2FFCA51 /* ServiceContainerTests.swift */,
				B6B7D741FA9A7257A7F4230A /* ThemeTests.swift */,
				A0FE26834088E4A721B4F951 /* TransportErrorTests.swift */,
				CAC9253024FB9504BBC11323 /* WeatherServiceTests.swift */,
			);
			name = Tests;
			path = Tests;
			sourceTree = SOURCE_ROOT;
		};
		A1B200000000000000000016 /* BerlinTransportMapUITests */ = {
			isa = PBXGroup;
			children = (
				A1B200000000000000000011 /* SnapshotHelper.swift */,
				A1B200000000000000000012 /* ScreenshotUITests.swift */,
				A1B200000000000000000013 /* MapInteractionPerformanceUITests.swift */,
			);
			path = BerlinTransportMapUITests;
			sourceTree = "<group>";
		};
		74A0867C3D2452B39EAD498E /* iOS */ = {
			isa = PBXGroup;
			children = (
				EEE2B55D77FDEDBBFAFFB9F0 /* Foundation.framework */,
			);
			name = iOS;
			sourceTree = "<group>";
		};
		8B41F63C2DEDD0D5001A66F9 = {
			isa = PBXGroup;
			children = (
				8B41F6472DEDD0D5001A66F9 /* BerlinTransportMap */,
				8B41F6812DEDD23B001A66F9 /* Frameworks */,
				8B41F6462DEDD0D5001A66F9 /* Products */,
				0358A27CF83A96BEF6073B8E /* Tests */,
				A1B200000000000000000016 /* BerlinTransportMapUITests */,
			);
			sourceTree = "<group>";
		};
		8B41F6462DEDD0D5001A66F9 /* Products */ = {
			isa = PBXGroup;
			children = (
				8B41F6452DEDD0D5001A66F9 /* BerlinTransportMap.app */,
				A1B200000000000000000014 /* BerlinTransportMapUITests.xctest */,
				6ECEDC7EE9C39E3BFCF25BB6 /* BerlinTransportMapTests.xctest */,
				E5F7B9C2F1EA953C1F2769C7 /* BerlinTransportMapTests.xctest */,
			);
			name = Products;
			sourceTree = "<group>";
		};
		8B41F6812DEDD23B001A66F9 /* Frameworks */ = {
			isa = PBXGroup;
			children = (
				74A0867C3D2452B39EAD498E /* iOS */,
			);
			name = Frameworks;
			sourceTree = "<group>";
		};
/* End PBXGroup section */

/* Begin PBXNativeTarget section */
		A1B200000000000000000017 /* BerlinTransportMapUITests */ = {
			isa = PBXNativeTarget;
			buildConfigurationList = A1B200000000000000000023 /* Build configuration list for PBXNativeTarget "BerlinTransportMapUITests" */;
			buildPhases = (
				A1B200000000000000000019 /* Sources */,
				A1B200000000000000000015 /* Frameworks */,
				A1B200000000000000000018 /* Resources */,
			);
			buildRules = (
			);
			dependencies = (
				A1B200000000000000000020 /* PBXTargetDependency */,
			);
			name = BerlinTransportMapUITests;
			productName = BerlinTransportMapUITests;
			productReference = A1B200000000000000000014 /* BerlinTransportMapUITests.xctest */;
			productType = "com.apple.product-type.bundle.ui-testing";
		};
		8B41F6442DEDD0D5001A66F9 /* BerlinTransportMap */ = {
			isa = PBXNativeTarget;
			buildConfigurationList = 8B41F6662DEDD0D6001A66F9 /* Build configuration list for PBXNativeTarget "BerlinTransportMap" */;
			buildPhases = (
				8B41F6412DEDD0D5001A66F9 /* Sources */,
				8B41F6422DEDD0D5001A66F9 /* Frameworks */,
				8B41F6432DEDD0D5001A66F9 /* Resources */,
			);
			buildRules = (
			);
			dependencies = (
			);
			fileSystemSynchronizedGroups = (
				8B41F6472DEDD0D5001A66F9 /* BerlinTransportMap */,
			);
			name = BerlinTransportMap;
			packageProductDependencies = (
				8B41F6842DEDD25C001A66F9 /* TripKit */,
			);
			productName = BerlinTransportMap;
			productReference = 8B41F6452DEDD0D5001A66F9 /* BerlinTransportMap.app */;
			productType = "com.apple.product-type.application";
		};
		FF717E24F98FF676AE193423 /* BerlinTransportMapTests */ = {
			isa = PBXNativeTarget;
			buildConfigurationList = 15BA2465B02D452ADA5DF3D7 /* Build configuration list for PBXNativeTarget "BerlinTransportMapTests" */;
			buildPhases = (
				8A4B681EECF60C795AB35060 /* Sources */,
				82CAA2B102F0E8C7400CA54D /* Frameworks */,
				154B06650D36B304E6479C16 /* Resources */,
			);
			buildRules = (
			);
			dependencies = (
				C65D84CAB4A0C09F9314D401 /* PBXTargetDependency */,
			);
			name = BerlinTransportMapTests;
			productName = BerlinTransportMapTests;
			productReference = E5F7B9C2F1EA953C1F2769C7 /* BerlinTransportMapTests.xctest */;
			productType = "com.apple.product-type.bundle.unit-test";
		};
/* End PBXNativeTarget section */

/* Begin PBXProject section */
		8B41F63D2DEDD0D5001A66F9 /* Project object */ = {
			isa = PBXProject;
			attributes = {
				BuildIndependentTargetsInParallel = 1;
				LastSwiftUpdateCheck = 1630;
				LastUpgradeCheck = 2620;
				TargetAttributes = {
					A1B200000000000000000017 = {
						CreatedOnToolsVersion = 16.3;
						TestTargetID = 8B41F6442DEDD0D5001A66F9;
					};
					8B41F6442DEDD0D5001A66F9 = {
						CreatedOnToolsVersion = 16.3;
					};
				};
			};
			buildConfigurationList = 8B41F6402DEDD0D5001A66F9 /* Build configuration list for PBXProject "BerlinTransportMap" */;
			developmentRegion = en;
			hasScannedForEncodings = 0;
			knownRegions = (
				en,
				Base,
				de,
			);
			mainGroup = 8B41F63C2DEDD0D5001A66F9;
			minimizedProjectReferenceProxies = 1;
			packageReferences = (
				8B41F6862DEDD300001A66F9 /* XCRemoteSwiftPackageReference "tripkit" */,
			);
			preferredProjectObjectVersion = 77;
			productRefGroup = 8B41F6462DEDD0D5001A66F9 /* Products */;
			projectDirPath = "";
			projectRoot = "";
			targets = (
				8B41F6442DEDD0D5001A66F9 /* BerlinTransportMap */,
				FF717E24F98FF676AE193423 /* BerlinTransportMapTests */,
				A1B200000000000000000017 /* BerlinTransportMapUITests */,
			);
		};
/* End PBXProject section */

/* Begin PBXResourcesBuildPhase section */
		A1B200000000000000000018 /* Resources */ = {
			isa = PBXResourcesBuildPhase;
			buildActionMask = 2147483647;
			files = (
			);
			runOnlyForDeploymentPostprocessing = 0;
		};
		154B06650D36B304E6479C16 /* Resources */ = {
			isa = PBXResourcesBuildPhase;
			buildActionMask = 2147483647;
			files = (
			);
			runOnlyForDeploymentPostprocessing = 0;
		};
		8B41F6432DEDD0D5001A66F9 /* Resources */ = {
			isa = PBXResourcesBuildPhase;
			buildActionMask = 2147483647;
			files = (
			);
			runOnlyForDeploymentPostprocessing = 0;
		};
/* End PBXResourcesBuildPhase section */

/* Begin PBXSourcesBuildPhase section */
		A1B200000000000000000019 /* Sources */ = {
			isa = PBXSourcesBuildPhase;
			buildActionMask = 2147483647;
			files = (
				A1B200000000000000000003 /* MapInteractionPerformanceUITests.swift in Sources */,
				A1B200000000000000000002 /* ScreenshotUITests.swift in Sources */,
				A1B200000000000000000001 /* SnapshotHelper.swift in Sources */,
			);
			runOnlyForDeploymentPostprocessing = 0;
		};
		8A4B681EECF60C795AB35060 /* Sources */ = {
			isa = PBXSourcesBuildPhase;
			buildActionMask = 2147483647;
			files = (
				2F6C1D4A7B8E9F0011223344 /* ActivationMetricsServiceTests.swift in Sources */,
				F5DCC86239DD831595DE6734 /* ConfigTests.swift in Sources */,
				C5D6C34BEF236E7ED60F4ECB /* PredictiveLoaderTests.swift in Sources */,
				773801C74768494CCB185641 /* ServiceContainerTests.swift in Sources */,
				C4DBEDE269B9E9A8F5CA269A /* ThemeTests.swift in Sources */,
				2212D64ECE55BFD3A40EFB3A /* TransportErrorTests.swift in Sources */,
				92301B7FD12954661243D56C /* WeatherServiceTests.swift in Sources */,
			);
			runOnlyForDeploymentPostprocessing = 0;
		};
		8B41F6412DEDD0D5001A66F9 /* Sources */ = {
			isa = PBXSourcesBuildPhase;
			buildActionMask = 2147483647;
			files = (
			);
			runOnlyForDeploymentPostprocessing = 0;
		};
/* End PBXSourcesBuildPhase section */

/* Begin PBXTargetDependency section */
		A1B200000000000000000020 /* PBXTargetDependency */ = {
			isa = PBXTargetDependency;
			name = BerlinTransportMap;
			target = 8B41F6442DEDD0D5001A66F9 /* BerlinTransportMap */;
			targetProxy = A1B200000000000000000010 /* PBXContainerItemProxy */;
		};
		C65D84CAB4A0C09F9314D401 /* PBXTargetDependency */ = {
			isa = PBXTargetDependency;
			name = BerlinTransportMap;
			target = 8B41F6442DEDD0D5001A66F9 /* BerlinTransportMap */;
			targetProxy = FEB97CDC19FDDA91149C0098 /* PBXContainerItemProxy */;
		};
/* End PBXTargetDependency section */

/* Begin XCBuildConfiguration section */
		A1B200000000000000000021 /* Debug */ = {
			isa = XCBuildConfiguration;
			buildSettings = {
				CODE_SIGN_STYLE = Automatic;
				DEVELOPMENT_TEAM = 27EZNUVV57;
				GENERATE_INFOPLIST_FILE = YES;
				IPHONEOS_DEPLOYMENT_TARGET = 26.0;
				PRODUCT_BUNDLE_IDENTIFIER = com.dautov.berlintransportmap.uitests;
				PRODUCT_NAME = "$(TARGET_NAME)";
				SDKROOT = iphoneos;
				SWIFT_VERSION = 6.0;
				TARGETED_DEVICE_FAMILY = "1,2";
				TEST_TARGET_NAME = BerlinTransportMap;
			};
			name = Debug;
		};
		A1B200000000000000000022 /* Release */ = {
			isa = XCBuildConfiguration;
			buildSettings = {
				CODE_SIGN_STYLE = Automatic;
				DEVELOPMENT_TEAM = 27EZNUVV57;
				GENERATE_INFOPLIST_FILE = YES;
				IPHONEOS_DEPLOYMENT_TARGET = 26.0;
				PRODUCT_BUNDLE_IDENTIFIER = com.dautov.berlintransportmap.uitests;
				PRODUCT_NAME = "$(TARGET_NAME)";
				SDKROOT = iphoneos;
				SWIFT_VERSION = 6.0;
				TARGETED_DEVICE_FAMILY = "1,2";
				TEST_TARGET_NAME = BerlinTransportMap;
			};
			name = Release;
		};
		04080A2E0C17F9FE2BB4CF3E /* Release */ = {
			isa = XCBuildConfiguration;
			buildSettings = {
				BUNDLE_LOADER = "$(TEST_HOST)";
				CLANG_ENABLE_OBJC_WEAK = NO;
				CODE_SIGN_STYLE = Automatic;
				DEVELOPMENT_TEAM = 27EZNUVV57;
				GENERATE_INFOPLIST_FILE = YES;
				IPHONEOS_DEPLOYMENT_TARGET = 26.0;
				PRODUCT_BUNDLE_IDENTIFIER = com.dautov.berlintransportmap.tests;
				SDKROOT = iphoneos;
				SWIFT_VERSION = 6.0;
				TEST_HOST = "$(BUILT_PRODUCTS_DIR)/BerlinTransportMap.app/$(BUNDLE_EXECUTABLE_FOLDER_PATH)/BerlinTransportMap";
				VALIDATE_PRODUCT = YES;
			};
			name = Release;
		};
		3276908419A562612FF1A9D7 /* Release */ = {
			isa = XCBuildConfiguration;
			buildSettings = {
				BUNDLE_LOADER = "$(TEST_HOST)";
				CLANG_ENABLE_OBJC_WEAK = NO;
				CODE_SIGN_STYLE = Automatic;
				DEVELOPMENT_TEAM = 27EZNUVV57;
				GENERATE_INFOPLIST_FILE = YES;
				IPHONEOS_DEPLOYMENT_TARGET = 26.0;
				PRODUCT_BUNDLE_IDENTIFIER = com.dautov.berlintransportmap.tests;
				PRODUCT_NAME = "$(TARGET_NAME)";
				SDKROOT = iphoneos;
				SWIFT_VERSION = 6.0;
				TEST_HOST = "$(BUILT_PRODUCTS_DIR)/BerlinTransportMap.app/$(BUNDLE_EXECUTABLE_FOLDER_PATH)/BerlinTransportMap";
				VALIDATE_PRODUCT = YES;
			};
			name = Release;
		};
		848F9B370481B10D6CCA2564 /* Debug */ = {
			isa = XCBuildConfiguration;
			buildSettings = {
				BUNDLE_LOADER = "$(TEST_HOST)";
				CLANG_ENABLE_OBJC_WEAK = NO;
				CODE_SIGN_STYLE = Automatic;
				DEVELOPMENT_TEAM = 27EZNUVV57;
				GENERATE_INFOPLIST_FILE = YES;
				IPHONEOS_DEPLOYMENT_TARGET = 26.0;
				PRODUCT_BUNDLE_IDENTIFIER = com.dautov.berlintransportmap.tests;
				PRODUCT_NAME = "$(TARGET_NAME)";
				SDKROOT = iphoneos;
				SWIFT_VERSION = 6.0;
				TEST_HOST = "$(BUILT_PRODUCTS_DIR)/BerlinTransportMap.app/$(BUNDLE_EXECUTABLE_FOLDER_PATH)/BerlinTransportMap";
			};
			name = Debug;
		};
		8B41F6642DEDD0D6001A66F9 /* Debug */ = {
			isa = XCBuildConfiguration;
			buildSettings = {
				ALWAYS_SEARCH_USER_PATHS = NO;
				ASSETCATALOG_COMPILER_GENERATE_SWIFT_ASSET_SYMBOL_EXTENSIONS = YES;
				CLANG_ANALYZER_NONNULL = YES;
				CLANG_ANALYZER_NUMBER_OBJECT_CONVERSION = YES_AGGRESSIVE;
				CLANG_CXX_LANGUAGE_STANDARD = "gnu++20";
				CLANG_ENABLE_MODULES = YES;
				CLANG_ENABLE_OBJC_ARC = YES;
				CLANG_ENABLE_OBJC_WEAK = YES;
				CLANG_WARN_BLOCK_CAPTURE_AUTORELEASING = YES;
				CLANG_WARN_BOOL_CONVERSION = YES;
				CLANG_WARN_COMMA = YES;
				CLANG_WARN_CONSTANT_CONVERSION = YES;
				CLANG_WARN_DEPRECATED_OBJC_IMPLEMENTATIONS = YES;
				CLANG_WARN_DIRECT_OBJC_ISA_USAGE = YES_ERROR;
				CLANG_WARN_DOCUMENTATION_COMMENTS = YES;
				CLANG_WARN_EMPTY_BODY = YES;
				CLANG_WARN_ENUM_CONVERSION = YES;
				CLANG_WARN_INFINITE_RECURSION = YES;
				CLANG_WARN_INT_CONVERSION = YES;
				CLANG_WARN_NON_LITERAL_NULL_CONVERSION = YES;
				CLANG_WARN_OBJC_IMPLICIT_RETAIN_SELF = YES;
				CLANG_WARN_OBJC_LITERAL_CONVERSION = YES;
				CLANG_WARN_OBJC_ROOT_CLASS = YES_ERROR;
				CLANG_WARN_QUOTED_INCLUDE_IN_FRAMEWORK_HEADER = YES;
				CLANG_WARN_RANGE_LOOP_ANALYSIS = YES;
				CLANG_WARN_STRICT_PROTOTYPES = YES;
				CLANG_WARN_SUSPICIOUS_MOVE = YES;
				CLANG_WARN_UNGUARDED_AVAILABILITY = YES_AGGRESSIVE;
				CLANG_WARN_UNREACHABLE_CODE = YES;
				CLANG_WARN__DUPLICATE_METHOD_MATCH = YES;
				COPY_PHASE_STRIP = NO;
				DEBUG_INFORMATION_FORMAT = dwarf;
				ENABLE_STRICT_OBJC_MSGSEND = YES;
				ENABLE_TESTABILITY = YES;
				ENABLE_USER_SCRIPT_SANDBOXING = YES;
				GCC_C_LANGUAGE_STANDARD = gnu17;
				GCC_DYNAMIC_NO_PIC = NO;
				GCC_NO_COMMON_BLOCKS = YES;
				GCC_OPTIMIZATION_LEVEL = 0;
				GCC_PREPROCESSOR_DEFINITIONS = (
					"DEBUG=1",
					"$(inherited)",
				);
				GCC_WARN_64_TO_32_BIT_CONVERSION = YES;
				GCC_WARN_ABOUT_RETURN_TYPE = YES_ERROR;
				GCC_WARN_UNDECLARED_SELECTOR = YES;
				GCC_WARN_UNINITIALIZED_AUTOS = YES_AGGRESSIVE;
				GCC_WARN_UNUSED_FUNCTION = YES;
				GCC_WARN_UNUSED_VARIABLE = YES;
				IPHONEOS_DEPLOYMENT_TARGET = 26.0;
				LOCALIZATION_PREFERS_STRING_CATALOGS = YES;
				MTL_ENABLE_DEBUG_INFO = INCLUDE_SOURCE;
				MTL_FAST_MATH = YES;
				ONLY_ACTIVE_ARCH = YES;
				SDKROOT = iphoneos;
				STRING_CATALOG_GENERATE_SYMBOLS = YES;
				SWIFT_ACTIVE_COMPILATION_CONDITIONS = "DEBUG $(inherited)";
				SWIFT_OPTIMIZATION_LEVEL = "-Onone";
				SWIFT_VERSION = 6.0;
			};
			name = Debug;
		};
		8B41F6652DEDD0D6001A66F9 /* Release */ = {
			isa = XCBuildConfiguration;
			buildSettings = {
				ALWAYS_SEARCH_USER_PATHS = NO;
				ASSETCATALOG_COMPILER_GENERATE_SWIFT_ASSET_SYMBOL_EXTENSIONS = YES;
				CLANG_ANALYZER_NONNULL = YES;
				CLANG_ANALYZER_NUMBER_OBJECT_CONVERSION = YES_AGGRESSIVE;
				CLANG_CXX_LANGUAGE_STANDARD = "gnu++20";
				CLANG_ENABLE_MODULES = YES;
				CLANG_ENABLE_OBJC_ARC = YES;
				CLANG_ENABLE_OBJC_WEAK = YES;
				CLANG_WARN_BLOCK_CAPTURE_AUTORELEASING = YES;
				CLANG_WARN_BOOL_CONVERSION = YES;
				CLANG_WARN_COMMA = YES;
				CLANG_WARN_CONSTANT_CONVERSION = YES;
				CLANG_WARN_DEPRECATED_OBJC_IMPLEMENTATIONS = YES;
				CLANG_WARN_DIRECT_OBJC_ISA_USAGE = YES_ERROR;
				CLANG_WARN_DOCUMENTATION_COMMENTS = YES;
				CLANG_WARN_EMPTY_BODY = YES;
				CLANG_WARN_ENUM_CONVERSION = YES;
				CLANG_WARN_INFINITE_RECURSION = YES;
				CLANG_WARN_INT_CONVERSION = YES;
				CLANG_WARN_NON_LITERAL_NULL_CONVERSION = YES;
				CLANG_WARN_OBJC_IMPLICIT_RETAIN_SELF = YES;
				CLANG_WARN_OBJC_LITERAL_CONVERSION = YES;
				CLANG_WARN_OBJC_ROOT_CLASS = YES_ERROR;
				CLANG_WARN_QUOTED_INCLUDE_IN_FRAMEWORK_HEADER = YES;
				CLANG_WARN_RANGE_LOOP_ANALYSIS = YES;
				CLANG_WARN_STRICT_PROTOTYPES = YES;
				CLANG_WARN_SUSPICIOUS_MOVE = YES;
				CLANG_WARN_UNGUARDED_AVAILABILITY = YES_AGGRESSIVE;
				CLANG_WARN_UNREACHABLE_CODE = YES;
				CLANG_WARN__DUPLICATE_METHOD_MATCH = YES;
				COPY_PHASE_STRIP = NO;
				DEBUG_INFORMATION_FORMAT = "dwarf-with-dsym";
				ENABLE_NS_ASSERTIONS = NO;
				ENABLE_STRICT_OBJC_MSGSEND = YES;
				ENABLE_USER_SCRIPT_SANDBOXING = YES;
				GCC_C_LANGUAGE_STANDARD = gnu17;
				GCC_NO_COMMON_BLOCKS = YES;
				GCC_WARN_64_TO_32_BIT_CONVERSION = YES;
				GCC_WARN_ABOUT_RETURN_TYPE = YES_ERROR;
				GCC_WARN_UNDECLARED_SELECTOR = YES;
				GCC_WARN_UNINITIALIZED_AUTOS = YES_AGGRESSIVE;
				GCC_WARN_UNUSED_FUNCTION = YES;
				GCC_WARN_UNUSED_VARIABLE = YES;
				IPHONEOS_DEPLOYMENT_TARGET = 26.0;
				LOCALIZATION_PREFERS_STRING_CATALOGS = YES;
				MTL_ENABLE_DEBUG_INFO = NO;
				MTL_FAST_MATH = YES;
				SDKROOT = iphoneos;
				STRING_CATALOG_GENERATE_SYMBOLS = YES;
				SWIFT_COMPILATION_MODE = wholemodule;
				SWIFT_VERSION = 6.0;
				VALIDATE_PRODUCT = YES;
			};
			name = Release;
		};
		8B41F6672DEDD0D6001A66F9 /* Debug */ = {
			isa = XCBuildConfiguration;
			buildSettings = {
				ASSETCATALOG_COMPILER_APPICON_NAME = AppIcon;
				ASSETCATALOG_COMPILER_GLOBAL_ACCENT_COLOR_NAME = AccentColor;
				ASSETCATALOG_COMPILER_INCLUDE_ALL_APPICON_ASSETS = NO;
				CODE_SIGN_ENTITLEMENTS = BerlinTransportMap/BerlinTransportMap.entitlements;
				CODE_SIGN_STYLE = Automatic;
				CURRENT_PROJECT_VERSION = 10;
				DEVELOPMENT_TEAM = 27EZNUVV57;
				ENABLE_PREVIEWS = YES;
				GENERATE_INFOPLIST_FILE = YES;
				INFOPLIST_KEY_CFBundleDisplayName = "$(PRODUCT_DISPLAY_NAME)";
				INFOPLIST_KEY_ITSAppUsesNonExemptEncryption = NO;
				INFOPLIST_KEY_LSApplicationCategoryType = "public.app-category.travel";
				INFOPLIST_KEY_NSLocationUsageDescription = "Berlin Transport uses your location to show nearby transit stops and vehicles on the map. For example, finding the closest U-Bahn station to your current position.";
				INFOPLIST_KEY_NSLocationWhenInUseUsageDescription = "Berlin Transport uses your location to show nearby transit stops and vehicles on the map. For example, finding the closest U-Bahn station to your current position.";
				INFOPLIST_KEY_UIApplicationSceneManifest_Generation = YES;
				INFOPLIST_KEY_UIApplicationSupportsIndirectInputEvents = YES;
				INFOPLIST_KEY_UILaunchScreen_Generation = YES;
				INFOPLIST_KEY_UISupportedInterfaceOrientations = "UIInterfaceOrientationPortrait UIInterfaceOrientationLandscapeLeft UIInterfaceOrientationLandscapeRight";
				INFOPLIST_KEY_UISupportedInterfaceOrientations_iPad = "UIInterfaceOrientationLandscapeRight UIInterfaceOrientationLandscapeLeft UIInterfaceOrientationPortrait UIInterfaceOrientationPortraitUpsideDown";
				LD_RUNPATH_SEARCH_PATHS = (
					"$(inherited)",
					"@executable_path/Frameworks",
				);
				MACCATALYST_DEPLOYMENT_TARGET = 26.0;
				MARKETING_VERSION = 1.4;
				PRODUCT_BUNDLE_IDENTIFIER = com.dautov.berlintransportmap;
				PRODUCT_DISPLAY_NAME = "Berlin Transport";
				PRODUCT_NAME = BerlinTransportMap;
				SUPPORTS_MACCATALYST = YES;
				SUPPORTS_MAC_DESIGNED_FOR_IPAD_CATALYST = NO;
				SWIFT_EMIT_LOC_STRINGS = YES;
				SWIFT_VERSION = 6.0;
				TARGETED_DEVICE_FAMILY = "1,2";
			};
			name = Debug;
		};
		8B41F6682DEDD0D6001A66F9 /* Release */ = {
			isa = XCBuildConfiguration;
			buildSettings = {
				ASSETCATALOG_COMPILER_APPICON_NAME = AppIcon;
				ASSETCATALOG_COMPILER_GLOBAL_ACCENT_COLOR_NAME = AccentColor;
				ASSETCATALOG_COMPILER_INCLUDE_ALL_APPICON_ASSETS = NO;
				CODE_SIGN_ENTITLEMENTS = BerlinTransportMap/BerlinTransportMap.entitlements;
				CODE_SIGN_STYLE = Automatic;
				CURRENT_PROJECT_VERSION = 10;
				DEVELOPMENT_TEAM = 27EZNUVV57;
				ENABLE_PREVIEWS = YES;
				GENERATE_INFOPLIST_FILE = YES;
				INFOPLIST_KEY_CFBundleDisplayName = "$(PRODUCT_DISPLAY_NAME)";
				INFOPLIST_KEY_ITSAppUsesNonExemptEncryption = NO;
				INFOPLIST_KEY_LSApplicationCategoryType = "public.app-category.travel";
				INFOPLIST_KEY_NSLocationUsageDescription = "Berlin Transport uses your location to show nearby transit stops and vehicles on the map. For example, finding the closest U-Bahn station to your current position.";
				INFOPLIST_KEY_NSLocationWhenInUseUsageDescription = "Berlin Transport uses your location to show nearby transit stops and vehicles on the map. For example, finding the closest U-Bahn station to your current position.";
				INFOPLIST_KEY_UIApplicationSceneManifest_Generation = YES;
				INFOPLIST_KEY_UIApplicationSupportsIndirectInputEvents = YES;
				INFOPLIST_KEY_UILaunchScreen_Generation = YES;
				INFOPLIST_KEY_UISupportedInterfaceOrientations = "UIInterfaceOrientationPortrait UIInterfaceOrientationLandscapeLeft UIInterfaceOrientationLandscapeRight";
				INFOPLIST_KEY_UISupportedInterfaceOrientations_iPad = "UIInterfaceOrientationLandscapeRight UIInterfaceOrientationLandscapeLeft UIInterfaceOrientationPortrait UIInterfaceOrientationPortraitUpsideDown";
				LD_RUNPATH_SEARCH_PATHS = (
					"$(inherited)",
					"@executable_path/Frameworks",
				);
				MACCATALYST_DEPLOYMENT_TARGET = 26.0;
				MARKETING_VERSION = 1.4;
				PRODUCT_BUNDLE_IDENTIFIER = com.dautov.berlintransportmap;
				PRODUCT_DISPLAY_NAME = "Berlin Transport";
				PRODUCT_NAME = BerlinTransportMap;
				SUPPORTS_MACCATALYST = YES;
				SUPPORTS_MAC_DESIGNED_FOR_IPAD_CATALYST = NO;
				SWIFT_EMIT_LOC_STRINGS = YES;
				SWIFT_VERSION = 6.0;
				TARGETED_DEVICE_FAMILY = "1,2";
			};
			name = Release;
		};
		E05A478A0143C5EBE009BAC2 /* Debug */ = {
			isa = XCBuildConfiguration;
			buildSettings = {
				BUNDLE_LOADER = "$(TEST_HOST)";
				CLANG_ENABLE_OBJC_WEAK = NO;
				CODE_SIGN_STYLE = Automatic;
				DEVELOPMENT_TEAM = 27EZNUVV57;
				GENERATE_INFOPLIST_FILE = YES;
				IPHONEOS_DEPLOYMENT_TARGET = 26.0;
				PRODUCT_BUNDLE_IDENTIFIER = com.dautov.berlintransportmap.tests;
				SDKROOT = iphoneos;
				SWIFT_VERSION = 6.0;
				TEST_HOST = "$(BUILT_PRODUCTS_DIR)/BerlinTransportMap.app/$(BUNDLE_EXECUTABLE_FOLDER_PATH)/BerlinTransportMap";
			};
			name = Debug;
		};
/* End XCBuildConfiguration section */

/* Begin XCConfigurationList section */
		A1B200000000000000000023 /* Build configuration list for PBXNativeTarget "BerlinTransportMapUITests" */ = {
			isa = XCConfigurationList;
			buildConfigurations = (
				A1B200000000000000000021 /* Debug */,
				A1B200000000000000000022 /* Release */,
			);
			defaultConfigurationIsVisible = 0;
			defaultConfigurationName = Release;
		};
		15BA2465B02D452ADA5DF3D7 /* Build configuration list for PBXNativeTarget "BerlinTransportMapTests" */ = {
			isa = XCConfigurationList;
			buildConfigurations = (
				3276908419A562612FF1A9D7 /* Release */,
				848F9B370481B10D6CCA2564 /* Debug */,
			);
			defaultConfigurationIsVisible = 0;
			defaultConfigurationName = Release;
		};
		8B41F6402DEDD0D5001A66F9 /* Build configuration list for PBXProject "BerlinTransportMap" */ = {
			isa = XCConfigurationList;
			buildConfigurations = (
				8B41F6642DEDD0D6001A66F9 /* Debug */,
				8B41F6652DEDD0D6001A66F9 /* Release */,
			);
			defaultConfigurationIsVisible = 0;
			defaultConfigurationName = Release;
		};
		8B41F6662DEDD0D6001A66F9 /* Build configuration list for PBXNativeTarget "BerlinTransportMap" */ = {
			isa = XCConfigurationList;
			buildConfigurations = (
				8B41F6672DEDD0D6001A66F9 /* Debug */,
				8B41F6682DEDD0D6001A66F9 /* Release */,
			);
			defaultConfigurationIsVisible = 0;
			defaultConfigurationName = Release;
		};
/* End XCConfigurationList section */

/* Begin XCRemoteSwiftPackageReference section */
		8B41F6862DEDD300001A66F9 /* XCRemoteSwiftPackageReference "tripkit" */ = {
			isa = XCRemoteSwiftPackageReference;
			repositoryURL = "https://github.com/alexander-albers/tripkit.git";
			requirement = {
				kind = upToNextMajorVersion;
				minimumVersion = 1.17.0;
			};
		};
/* End XCRemoteSwiftPackageReference section */

/* Begin XCSwiftPackageProductDependency section */
		8B41F6842DEDD25C001A66F9 /* TripKit */ = {
			isa = XCSwiftPackageProductDependency;
			package = 8B41F6862DEDD300001A66F9 /* XCRemoteSwiftPackageReference "tripkit" */;
			productName = TripKit;
		};
/* End XCSwiftPackageProductDependency section */
	};
	rootObject = 8B41F63D2DEDD0D5001A66F9 /* Project object */;
}
